
Microsoft Visual Studio Solution File, Format Version 12.00
# Visual Studio 15
VisualStudioVersion = 15.0.26124.0
MinimumVisualStudioVersion = 15.0.26124.0
Project("{2150E333-8FDC-42A3-9474-1A3956D46DE8}") = "src", "src", "{40D928F6-2A68-4BB2-A4BB-434B3E86BF09}"
EndProject
Project("{FAE04EC0-301F-11D3-BF4B-00C04F79EFBC}") = "ICSharpCode.TextEditor.Sample", "src\ICSharpCode.TextEditor.Sample\ICSharpCode.TextEditor.Sample.csproj", "{54DE57FF-E2FC-4A8B-9ED7-C72255709A5D}"
EndProject
Project("{FAE04EC0-301F-11D3-BF4B-00C04F79EFBC}") = "ICSharpCode.TextEditor", "src\ICSharpCode.TextEditor\ICSharpCode.TextEditor.csproj", "{E592BED3-B404-4905-A6EE-F3E1BA20BF82}"
EndProject
Global
	GlobalSection(SolutionConfigurationPlatforms) = preSolution
		Debug|Any CPU = Debug|Any CPU
		Debug|x64 = Debug|x64
		Debug|x86 = Debug|x86
		Release|Any CPU = Release|Any CPU
		Release|x64 = Release|x64
		Release|x86 = Release|x86
	EndGlobalSection
	GlobalSection(SolutionProperties) = preSolution
		HideSolutionNode = FALSE
	EndGlobalSection
	GlobalSection(ProjectConfigurationPlatforms) = postSolution
		{54DE57FF-E2FC-4A8B-9ED7-C72255709A5D}.Debug|Any CPU.ActiveCfg = Debug|Any CPU
		{54DE57FF-E2FC-4A8B-9ED7-C72255709A5D}.Debug|Any CPU.Build.0 = Debug|Any CPU
		{54DE57FF-E2FC-4A8B-9ED7-C72255709A5D}.Debug|x64.ActiveCfg = Debug|Any CPU
		{54DE57FF-E2FC-4A8B-9ED7-C72255709A5D}.Debug|x64.Build.0 = Debug|Any CPU
		{54DE57FF-E2FC-4A8B-9ED7-C72255709A5D}.Debug|x86.ActiveCfg = Debug|Any CPU
		{54DE57FF-E2FC-4A8B-9ED7-C72255709A5D}.Debug|x86.Build.0 = Debug|Any CPU
		{54DE57FF-E2FC-4A8B-9ED7-C72255709A5D}.Release|Any CPU.ActiveCfg = Release|Any CPU
		{54DE57FF-E2FC-4A8B-9ED7-C72255709A5D}.Release|Any CPU.Build.0 = Release|Any CPU
		{54DE57FF-E2FC-4A8B-9ED7-C72255709A5D}.Release|x64.ActiveCfg = Release|Any CPU
		{54DE57FF-E2FC-4A8B-9ED7-C72255709A5D}.Release|x64.Build.0 = Release|Any CPU
		{54DE57FF-E2FC-4A8B-9ED7-C72255709A5D}.Release|x86.ActiveCfg = Release|Any CPU
		{54DE57FF-E2FC-4A8B-9ED7-C72255709A5D}.Release|x86.Build.0 = Release|Any CPU
		{E592BED3-B404-4905-A6EE-F3E1BA20BF82}.Debug|Any CPU.ActiveCfg = Debug|Any CPU
		{E592BED3-B404-4905-A6EE-F3E1BA20BF82}.Debug|Any CPU.Build.0 = Debug|Any CPU
		{E592BED3-B404-4905-A6EE-F3E1BA20BF82}.Debug|x64.ActiveCfg = Debug|Any CPU
		{E592BED3-B404-4905-A6EE-F3E1BA20BF82}.Debug|x64.Build.0 = Debug|Any CPU
		{E592BED3-B404-4905-A6EE-F3E1BA20BF82}.Debug|x86.ActiveCfg = Debug|Any CPU
		{E592BED3-B404-4905-A6EE-F3E1BA20BF82}.Debug|x86.Build.0 = Debug|Any CPU
		{E592BED3-B404-4905-A6EE-F3E1BA20BF82}.Release|Any CPU.ActiveCfg = Release|Any CPU
		{E592BED3-B404-4905-A6EE-F3E1BA20BF82}.Release|Any CPU.Build.0 = Release|Any CPU
		{E592BED3-B404-4905-A6EE-F3E1BA20BF82}.Release|x64.ActiveCfg = Release|Any CPU
		{E592BED3-B404-4905-A6EE-F3E1BA20BF82}.Release|x64.Build.0 = Release|Any CPU
		{E592BED3-B404-4905-A6EE-F3E1BA20BF82}.Release|x86.ActiveCfg = Release|Any CPU
		{E592BED3-B404-4905-A6EE-F3E1BA20BF82}.Release|x86.Build.0 = Release|Any CPU
	EndGlobalSection
	GlobalSection(NestedProjects) = preSolution
		{54DE57FF-E2FC-4A8B-9ED7-C72255709A5D} = {40D928F6-2A68-4BB2-A4BB-434B3E86BF09}
		{E592BED3-B404-4905-A6EE-F3E1BA20BF82} = {40D928F6-2A68-4BB2-A4BB-434B3E86BF09}
	EndGlobalSection

